
Microsoft Visual Studio Solution File, Format Version 12.00
# Visual Studio Version 17
VisualStudioVersion = 17.5.33424.131
MinimumVisualStudioVersion = 10.0.40219.1
Project("{FAE04EC0-301F-11D3-BF4B-00C04F79EFBC}") = "TechnicalTest", "TechnicalTest\TechnicalTest.csproj", "{A99C84B7-6BB8-44C6-9BF3-158315C1B95C}"
EndProject
Global
	GlobalSection(SolutionConfigurationPlatforms) = preSolution
		Debug|Any CPU = Debug|Any CPU
		Release|Any CPU = Release|Any CPU
	EndGlobalSection
	GlobalSection(ProjectConfigurationPlatforms) = postSolution
		{A99C84B7-6BB8-44C6-9BF3-158315C1B95C}.Debug|Any CPU.ActiveCfg = Debug|Any CPU
		{A99C84B7-6BB8-44C6-9BF3-158315C1B95C}.Debug|Any CPU.Build.0 = Debug|Any CPU
		{A99C84B7-6BB8-44C6-9BF3-158315C1B95C}.Release|Any CPU.ActiveCfg = Release|Any CPU
		{A99C84B7-6BB8-44C6-9BF3-158315C1B95C}.Release|Any CPU.Build.0 = Release|Any CPU
	EndGlobalSection
	GlobalSection(SolutionProperties) = preSolution
		HideSolutionNode = FALSE
	EndGlobalSection
	GlobalSection(ExtensibilityGlobals) = postSolution
		SolutionGuid = {7748D667-F99F-4A06-A472-54EF992D10D8}
	EndGlobalSection
EndGlobal
